Microsoft Visual Studio Solution File, Format Version 12.00
# Visual Studio Version 17
VisualStudioVersion = 17.5.2.0
MinimumVisualStudioVersion = 10.0.40219.1
Project("{FAE04EC0-301F-11D3-BF4B-00C04F79EFBC}") = "TechSupportSystem", "TechSupportSystem.csproj", "{A7ABB303-49CF-E300-67A7-D5434DB892FD}"
EndProject
Global
	GlobalSection(SolutionConfigurationPlatforms) = preSolution
		Debug|Any CPU = Debug|Any CPU
		Release|Any CPU = Release|Any CPU
	EndGlobalSection
	GlobalSection(ProjectConfigurationPlatforms) = postSolution
		{A7ABB303-49CF-E300-67A7-D5434DB892FD}.Debug|Any CPU.ActiveCfg = Debug|Any CPU
		{A7ABB303-49CF-E300-67A7-D5434DB892FD}.Debug|Any CPU.Build.0 = Debug|Any CPU
		{A7ABB303-49CF-E300-67A7-D5434DB892FD}.Release|Any CPU.ActiveCfg = Release|Any CPU
		{A7ABB303-49CF-E300-67A7-D5434DB892FD}.Release|Any CPU.Build.0 = Release|Any CPU
	EndGlobalSection
	GlobalSection(SolutionProperties) = preSolution
		HideSolutionNode = FALSE
	EndGlobalSection
	GlobalSection(ExtensibilityGlobals) = postSolution
		SolutionGuid = {576CB77F-4F28-4F26-8AA7-0080ADDB3F06}
	EndGlobalSection
EndGlobal
